
Microsoft Visual Studio Solution File, Format Version 12.00
# Visual Studio Version 17
VisualStudioVersion = 17.3.32825.248
MinimumVisualStudioVersion = 10.0.40219.1
Project("{FAE04EC0-301F-11D3-BF4B-00C04F79EFBC}") = "newBob", "newBob\newBob.csproj", "{A8895E44-1255-4CA8-9139-C05BF49A4A97}"
EndProject
Global
	GlobalSection(SolutionConfigurationPlatforms) = preSolution
		Debug|Any CPU = Debug|Any CPU
		Release|Any CPU = Release|Any CPU
	EndGlobalSection
	GlobalSection(ProjectConfigurationPlatforms) = postSolution
		{A8895E44-1255-4CA8-9139-C05BF49A4A97}.Debug|Any CPU.ActiveCfg = Debug|Any CPU
		{A8895E44-1255-4CA8-9139-C05BF49A4A97}.Debug|Any CPU.Build.0 = Debug|Any CPU
		{A8895E44-1255-4CA8-9139-C05BF49A4A97}.Release|Any CPU.ActiveCfg = Release|Any CPU
		{A8895E44-1255-4CA8-9139-C05BF49A4A97}.Release|Any CPU.Build.0 = Release|Any CPU
	EndGlobalSection
	GlobalSection(SolutionProperties) = preSolution
		HideSolutionNode = FALSE
	EndGlobalSection
	GlobalSection(ExtensibilityGlobals) = postSolution
		SolutionGuid = {AD905B5F-A438-4790-B951-74511E140863}
	EndGlobalSection
EndGlobal
